
Microsoft Visual Studio Solution File, Format Version 12.00
# Visual Studio 15
VisualStudioVersion = 15.0.26430.14
MinimumVisualStudioVersion = 10.0.40219.1
Project("{FAE04EC0-301F-11D3-BF4B-00C04F79EFBC}") = "Singleton", "Singleton\Singleton.csproj", "{55CD88BD-B45B-4D9C-9F8E-D09C47F2CCAD}"
EndProject
Project("{FAE04EC0-301F-11D3-BF4B-00C04F79EFBC}") = "Factory", "Factory\Factory.csproj", "{C0B603D3-FE9B-4F73-88A2-3D57FA88FF43}"
EndProject
Project("{FAE04EC0-301F-11D3-BF4B-00C04F79EFBC}") = "Strategy", "Strategy\Strategy.csproj", "{32B6B2FE-2261-4CCB-986A-3FA42D10AE9B}"
EndProject
Project("{FAE04EC0-301F-11D3-BF4B-00C04F79EFBC}") = "Strategy2", "Strategy2\Strategy2.csproj", "{400D1D77-0DC0-4B4F-A68F-AE8DB852D9BD}"
EndProject
Project("{FAE04EC0-301F-11D3-BF4B-00C04F79EFBC}") = "Prototype", "Prototype\Prototype.csproj", "{3DF5CE1E-AB56-47D4-AC09-4CA319015582}"
EndProject
Project("{FAE04EC0-301F-11D3-BF4B-00C04F79EFBC}") = "Decorator", "Decorator\Decorator.csproj", "{08D5B2A9-72DF-478F-A51E-703777C7B17D}"
EndProject
Project("{FAE04EC0-301F-11D3-BF4B-00C04F79EFBC}") = "Flyweight", "Flyweight\Flyweight.csproj", "{B7FA4544-6627-458A-A6C5-B7521D5B39E3}"
EndProject
Project("{FAE04EC0-301F-11D3-BF4B-00C04F79EFBC}") = "Builder", "Builder\Builder.csproj", "{17B2E4BE-2513-452C-ACDE-CF9322D67DCE}"
EndProject
Project("{FAE04EC0-301F-11D3-BF4B-00C04F79EFBC}") = "Builder2", "Builder2\Builder2.csproj", "{720AEA48-5D93-45C3-94AA-2DD411C51109}"
EndProject
Global
	GlobalSection(SolutionConfigurationPlatforms) = preSolution
		Debug|Any CPU = Debug|Any CPU
		Release|Any CPU = Release|Any CPU
	EndGlobalSection
	GlobalSection(ProjectConfigurationPlatforms) = postSolution
		{55CD88BD-B45B-4D9C-9F8E-D09C47F2CCAD}.Debug|Any CPU.ActiveCfg = Debug|Any CPU
		{55CD88BD-B45B-4D9C-9F8E-D09C47F2CCAD}.Debug|Any CPU.Build.0 = Debug|Any CPU
		{55CD88BD-B45B-4D9C-9F8E-D09C47F2CCAD}.Release|Any CPU.ActiveCfg = Release|Any CPU
		{55CD88BD-B45B-4D9C-9F8E-D09C47F2CCAD}.Release|Any CPU.Build.0 = Release|Any CPU
		{C0B603D3-FE9B-4F73-88A2-3D57FA88FF43}.Debug|Any CPU.ActiveCfg = Debug|Any CPU
		{C0B603D3-FE9B-4F73-88A2-3D57FA88FF43}.Debug|Any CPU.Build.0 = Debug|Any CPU
		{C0B603D3-FE9B-4F73-88A2-3D57FA88FF43}.Release|Any CPU.ActiveCfg = Release|Any CPU
		{C0B603D3-FE9B-4F73-88A2-3D57FA88FF43}.Release|Any CPU.Build.0 = Release|Any CPU
		{32B6B2FE-2261-4CCB-986A-3FA42D10AE9B}.Debug|Any CPU.ActiveCfg = Debug|Any CPU
		{32B6B2FE-2261-4CCB-986A-3FA42D10AE9B}.Debug|Any CPU.Build.0 = Debug|Any CPU
		{32B6B2FE-2261-4CCB-986A-3FA42D10AE9B}.Release|Any CPU.ActiveCfg = Release|Any CPU
		{32B6B2FE-2261-4CCB-986A-3FA42D10AE9B}.Release|Any CPU.Build.0 = Release|Any CPU
		{400D1D77-0DC0-4B4F-A68F-AE8DB852D9BD}.Debug|Any CPU.ActiveCfg = Debug|Any CPU
		{400D1D77-0DC0-4B4F-A68F-AE8DB852D9BD}.Debug|Any CPU.Build.0 = Debug|Any CPU
		{400D1D77-0DC0-4B4F-A68F-AE8DB852D9BD}.Release|Any CPU.ActiveCfg = Release|Any CPU
		{400D1D77-0DC0-4B4F-A68F-AE8DB852D9BD}.Release|Any CPU.Build.0 = Release|Any CPU
		{3DF5CE1E-AB56-47D4-AC09-4CA319015582}.Debug|Any CPU.ActiveCfg = Debug|Any CPU
		{3DF5CE1E-AB56-47D4-AC09-4CA319015582}.Debug|Any CPU.Build.0 = Debug|Any CPU
		{3DF5CE1E-AB56-47D4-AC09-4CA319015582}.Release|Any CPU.ActiveCfg = Release|Any CPU
		{3DF5CE1E-AB56-47D4-AC09-4CA319015582}.Release|Any CPU.Build.0 = Release|Any CPU
		{08D5B2A9-72DF-478F-A51E-703777C7B17D}.Debug|Any CPU.ActiveCfg = Debug|Any CPU
		{08D5B2A9-72DF-478F-A51E-703777C7B17D}.Debug|Any CPU.Build.0 = Debug|Any CPU
		{08D5B2A9-72DF-478F-A51E-703777C7B17D}.Release|Any CPU.ActiveCfg = Release|Any CPU
		{08D5B2A9-72DF-478F-A51E-703777C7B17D}.Release|Any CPU.Build.0 = Release|Any CPU
		{B7FA4544-6627-458A-A6C5-B7521D5B39E3}.Debug|Any CPU.ActiveCfg = Debug|Any CPU
		{B7FA4544-6627-458A-A6C5-B7521D5B39E3}.Debug|Any CPU.Build.0 = Debug|Any CPU
		{B7FA4544-6627-458A-A6C5-B7521D5B39E3}.Release|Any CPU.ActiveCfg = Release|Any CPU
		{B7FA4544-6627-458A-A6C5-B7521D5B39E3}.Release|Any CPU.Build.0 = Release|Any CPU
		{17B2E4BE-2513-452C-ACDE-CF9322D67DCE}.Debug|Any CPU.ActiveCfg = Debug|Any CPU
		{17B2E4BE-2513-452C-ACDE-CF9322D67DCE}.Debug|Any CPU.Build.0 = Debug|Any CPU
		{17B2E4BE-2513-452C-ACDE-CF9322D67DCE}.Release|Any CPU.ActiveCfg = Release|Any CPU
		{17B2E4BE-2513-452C-ACDE-CF9322D67DCE}.Release|Any CPU.Build.0 = Release|Any CPU
		{720AEA48-5D93-45C3-94AA-2DD411C51109}.Debug|Any CPU.ActiveCfg = Debug|Any CPU
		{720AEA48-5D93-45C3-94AA-2DD411C51109}.Debug|Any CPU.Build.0 = Debug|Any CPU
		{720AEA48-5D93-45C3-94AA-2DD411C51109}.Release|Any CPU.ActiveCfg = Release|Any CPU
		{720AEA48-5D93-45C3-94AA-2DD411C51109}.Release|Any CPU.Build.0 = Release|Any CPU
	EndGlobalSection
	GlobalSection(SolutionProperties) = preSolution
		HideSolutionNode = FALSE
	EndGlobalSection
EndGlobal
