
Microsoft Visual Studio Solution File, Format Version 12.00
# Visual Studio 15
VisualStudioVersion = 15.0.26430.15
MinimumVisualStudioVersion = 10.0.40219.1
Project("{FAE04EC0-301F-11D3-BF4B-00C04F79EFBC}") = "Singleton", "Singleton\Singleton.csproj", "{55CD88BD-B45B-4D9C-9F8E-D09C47F2CCAD}"
EndProject
Project("{FAE04EC0-301F-11D3-BF4B-00C04F79EFBC}") = "Factory", "Factory\Factory.csproj", "{C0B603D3-FE9B-4F73-88A2-3D57FA88FF43}"
EndProject
Project("{FAE04EC0-301F-11D3-BF4B-00C04F79EFBC}") = "Strategy", "Strategy\Strategy.csproj", "{32B6B2FE-2261-4CCB-986A-3FA42D10AE9B}"
EndProject
Project("{FAE04EC0-301F-11D3-BF4B-00C04F79EFBC}") = "Strategy2", "Strategy2\Strategy2.csproj", "{400D1D77-0DC0-4B4F-A68F-AE8DB852D9BD}"
EndProject
Project("{FAE04EC0-301F-11D3-BF4B-00C04F79EFBC}") = "Prototype", "Prototype\Prototype.csproj", "{3DF5CE1E-AB56-47D4-AC09-4CA319015582}"
EndProject
Project("{FAE04EC0-301F-11D3-BF4B-00C04F79EFBC}") = "Decorator - Pizza Decorator", "Decorator\Decorator - Pizza Decorator.csproj", "{08D5B2A9-72DF-478F-A51E-703777C7B17D}"
EndProject
Project("{FAE04EC0-301F-11D3-BF4B-00C04F79EFBC}") = "Flyweight", "Flyweight\Flyweight.csproj", "{B7FA4544-6627-458A-A6C5-B7521D5B39E3}"
EndProject
Project("{FAE04EC0-301F-11D3-BF4B-00C04F79EFBC}") = "Builder", "Builder\Builder.csproj", "{17B2E4BE-2513-452C-ACDE-CF9322D67DCE}"
EndProject
Project("{FAE04EC0-301F-11D3-BF4B-00C04F79EFBC}") = "Builder2", "Builder2\Builder2.csproj", "{720AEA48-5D93-45C3-94AA-2DD411C51109}"
EndProject
Project("{FAE04EC0-301F-11D3-BF4B-00C04F79EFBC}") = "Builder - Fluent Builder", "Builder3\Builder - Fluent Builder.csproj", "{D2ADEAAC-6722-4F5A-808C-361AD7CAD801}"
EndProject
Project("{FAE04EC0-301F-11D3-BF4B-00C04F79EFBC}") = "Factory - Factory Method", "Factory2\Factory - Factory Method.csproj", "{7EA683DE-4E51-4D98-AAA9-F4FBD697E837}"
EndProject
Project("{FAE04EC0-301F-11D3-BF4B-00C04F79EFBC}") = "Factory - Abstract Factory", "Factory - Abstract Factory\Factory - Abstract Factory.csproj", "{D0866A5D-7DE5-41FA-86DD-2D20BDB8A086}"
EndProject
Project("{FAE04EC0-301F-11D3-BF4B-00C04F79EFBC}") = "Prototype - IClonable", "Prototype - IClonable\Prototype - IClonable.csproj", "{8508A5F8-2752-47B5-B732-17A34DFACE52}"
EndProject
Project("{FAE04EC0-301F-11D3-BF4B-00C04F79EFBC}") = "Prototype - Copy Constructors", "Prototype - Copy Constructors\Prototype - Copy Constructors.csproj", "{5BE9C310-2FAF-4AD8-90E8-EE18D5B142A4}"
EndProject
Project("{FAE04EC0-301F-11D3-BF4B-00C04F79EFBC}") = "Prototype - Explicit Deep Copy", "Prototype - Explicit Deep Copy\Prototype - Explicit Deep Copy.csproj", "{7E342B92-2741-41F8-A7BE-5904246A5B00}"
EndProject
Project("{FAE04EC0-301F-11D3-BF4B-00C04F79EFBC}") = "Prototype - Serialization", "Prototype - Serialization\Prototype - Serialization.csproj", "{59A6ED61-0360-4F33-AAFF-A9D0277CA565}"
EndProject
Project("{FAE04EC0-301F-11D3-BF4B-00C04F79EFBC}") = "Singleton2 - With Tests and DI", "Singleton2\Singleton2 - With Tests and DI.csproj", "{5352345F-6A5E-4CD5-9DF7-492EC11A110E}"
EndProject
Project("{FAE04EC0-301F-11D3-BF4B-00C04F79EFBC}") = "Singleton - Monostate", "Singleton - Monostate\Singleton - Monostate.csproj", "{88AEEC61-A84E-4B04-84D0-A124DBDC86C9}"
EndProject
Project("{FAE04EC0-301F-11D3-BF4B-00C04F79EFBC}") = "Adapter", "Adapter\Adapter.csproj", "{174C1C7F-E049-4326-AFDD-A83BDFEABACB}"
EndProject
Project("{FAE04EC0-301F-11D3-BF4B-00C04F79EFBC}") = "Bridge", "Bridge\Bridge.csproj", "{BE6F0CD4-7D8C-4293-A253-969427E8FAED}"
EndProject
Project("{FAE04EC0-301F-11D3-BF4B-00C04F79EFBC}") = "Composite - Geometric Shapes", "Composite\Composite - Geometric Shapes.csproj", "{DF7CF285-B9A3-413B-9EAF-1749D816AD0A}"
EndProject
Project("{FAE04EC0-301F-11D3-BF4B-00C04F79EFBC}") = "Composite - Neural Networks", "Composite - Neural Networks\Composite - Neural Networks.csproj", "{6D5922F7-DC94-495D-B80B-3916E969DC29}"
EndProject
Project("{FAE04EC0-301F-11D3-BF4B-00C04F79EFBC}") = "Decorator - Custom String Builder", "Decorator - Custom String Builder\Decorator - Custom String Builder.csproj", "{23604DE2-3F9C-4618-BAA8-B5C5FE1AF5E5}"
EndProject
Project("{FAE04EC0-301F-11D3-BF4B-00C04F79EFBC}") = "Adapter - Decorator", "Adapter - Decorator\Adapter - Decorator.csproj", "{9F2C8912-6068-4D94-8A73-6DB95944F5D1}"
EndProject
Project("{FAE04EC0-301F-11D3-BF4B-00C04F79EFBC}") = "Flyweight - Repeating User Names", "Flyweight - Repeating User Names\Flyweight - Repeating User Names.csproj", "{E0D88E4D-611E-4252-8F89-D8CB26FEBCFD}"
EndProject
Project("{FAE04EC0-301F-11D3-BF4B-00C04F79EFBC}") = "Flyweight - Text Formatting", "Flyweight - Text Formatting\Flyweight - Text Formatting.csproj", "{AC5584A4-DF88-41B5-86DB-178CF8698150}"
EndProject
Global
	GlobalSection(SolutionConfigurationPlatforms) = preSolution
		Debug|Any CPU = Debug|Any CPU
		Release|Any CPU = Release|Any CPU
	EndGlobalSection
	GlobalSection(ProjectConfigurationPlatforms) = postSolution
		{55CD88BD-B45B-4D9C-9F8E-D09C47F2CCAD}.Debug|Any CPU.ActiveCfg = Debug|Any CPU
		{55CD88BD-B45B-4D9C-9F8E-D09C47F2CCAD}.Debug|Any CPU.Build.0 = Debug|Any CPU
		{55CD88BD-B45B-4D9C-9F8E-D09C47F2CCAD}.Release|Any CPU.ActiveCfg = Release|Any CPU
		{55CD88BD-B45B-4D9C-9F8E-D09C47F2CCAD}.Release|Any CPU.Build.0 = Release|Any CPU
		{C0B603D3-FE9B-4F73-88A2-3D57FA88FF43}.Debug|Any CPU.ActiveCfg = Debug|Any CPU
		{C0B603D3-FE9B-4F73-88A2-3D57FA88FF43}.Debug|Any CPU.Build.0 = Debug|Any CPU
		{C0B603D3-FE9B-4F73-88A2-3D57FA88FF43}.Release|Any CPU.ActiveCfg = Release|Any CPU
		{C0B603D3-FE9B-4F73-88A2-3D57FA88FF43}.Release|Any CPU.Build.0 = Release|Any CPU
		{32B6B2FE-2261-4CCB-986A-3FA42D10AE9B}.Debug|Any CPU.ActiveCfg = Debug|Any CPU
		{32B6B2FE-2261-4CCB-986A-3FA42D10AE9B}.Debug|Any CPU.Build.0 = Debug|Any CPU
		{32B6B2FE-2261-4CCB-986A-3FA42D10AE9B}.Release|Any CPU.ActiveCfg = Release|Any CPU
		{32B6B2FE-2261-4CCB-986A-3FA42D10AE9B}.Release|Any CPU.Build.0 = Release|Any CPU
		{400D1D77-0DC0-4B4F-A68F-AE8DB852D9BD}.Debug|Any CPU.ActiveCfg = Debug|Any CPU
		{400D1D77-0DC0-4B4F-A68F-AE8DB852D9BD}.Debug|Any CPU.Build.0 = Debug|Any CPU
		{400D1D77-0DC0-4B4F-A68F-AE8DB852D9BD}.Release|Any CPU.ActiveCfg = Release|Any CPU
		{400D1D77-0DC0-4B4F-A68F-AE8DB852D9BD}.Release|Any CPU.Build.0 = Release|Any CPU
		{3DF5CE1E-AB56-47D4-AC09-4CA319015582}.Debug|Any CPU.ActiveCfg = Debug|Any CPU
		{3DF5CE1E-AB56-47D4-AC09-4CA319015582}.Debug|Any CPU.Build.0 = Debug|Any CPU
		{3DF5CE1E-AB56-47D4-AC09-4CA319015582}.Release|Any CPU.ActiveCfg = Release|Any CPU
		{3DF5CE1E-AB56-47D4-AC09-4CA319015582}.Release|Any CPU.Build.0 = Release|Any CPU
		{08D5B2A9-72DF-478F-A51E-703777C7B17D}.Debug|Any CPU.ActiveCfg = Debug|Any CPU
		{08D5B2A9-72DF-478F-A51E-703777C7B17D}.Debug|Any CPU.Build.0 = Debug|Any CPU
		{08D5B2A9-72DF-478F-A51E-703777C7B17D}.Release|Any CPU.ActiveCfg = Release|Any CPU
		{08D5B2A9-72DF-478F-A51E-703777C7B17D}.Release|Any CPU.Build.0 = Release|Any CPU
		{B7FA4544-6627-458A-A6C5-B7521D5B39E3}.Debug|Any CPU.ActiveCfg = Debug|Any CPU
		{B7FA4544-6627-458A-A6C5-B7521D5B39E3}.Debug|Any CPU.Build.0 = Debug|Any CPU
		{B7FA4544-6627-458A-A6C5-B7521D5B39E3}.Release|Any CPU.ActiveCfg = Release|Any CPU
		{B7FA4544-6627-458A-A6C5-B7521D5B39E3}.Release|Any CPU.Build.0 = Release|Any CPU
		{17B2E4BE-2513-452C-ACDE-CF9322D67DCE}.Debug|Any CPU.ActiveCfg = Debug|Any CPU
		{17B2E4BE-2513-452C-ACDE-CF9322D67DCE}.Debug|Any CPU.Build.0 = Debug|Any CPU
		{17B2E4BE-2513-452C-ACDE-CF9322D67DCE}.Release|Any CPU.ActiveCfg = Release|Any CPU
		{17B2E4BE-2513-452C-ACDE-CF9322D67DCE}.Release|Any CPU.Build.0 = Release|Any CPU
		{720AEA48-5D93-45C3-94AA-2DD411C51109}.Debug|Any CPU.ActiveCfg = Debug|Any CPU
		{720AEA48-5D93-45C3-94AA-2DD411C51109}.Debug|Any CPU.Build.0 = Debug|Any CPU
		{720AEA48-5D93-45C3-94AA-2DD411C51109}.Release|Any CPU.ActiveCfg = Release|Any CPU
		{720AEA48-5D93-45C3-94AA-2DD411C51109}.Release|Any CPU.Build.0 = Release|Any CPU
		{D2ADEAAC-6722-4F5A-808C-361AD7CAD801}.Debug|Any CPU.ActiveCfg = Debug|Any CPU
		{D2ADEAAC-6722-4F5A-808C-361AD7CAD801}.Debug|Any CPU.Build.0 = Debug|Any CPU
		{D2ADEAAC-6722-4F5A-808C-361AD7CAD801}.Release|Any CPU.ActiveCfg = Release|Any CPU
		{D2ADEAAC-6722-4F5A-808C-361AD7CAD801}.Release|Any CPU.Build.0 = Release|Any CPU
		{7EA683DE-4E51-4D98-AAA9-F4FBD697E837}.Debug|Any CPU.ActiveCfg = Debug|Any CPU
		{7EA683DE-4E51-4D98-AAA9-F4FBD697E837}.Debug|Any CPU.Build.0 = Debug|Any CPU
		{7EA683DE-4E51-4D98-AAA9-F4FBD697E837}.Release|Any CPU.ActiveCfg = Release|Any CPU
		{7EA683DE-4E51-4D98-AAA9-F4FBD697E837}.Release|Any CPU.Build.0 = Release|Any CPU
		{D0866A5D-7DE5-41FA-86DD-2D20BDB8A086}.Debug|Any CPU.ActiveCfg = Debug|Any CPU
		{D0866A5D-7DE5-41FA-86DD-2D20BDB8A086}.Debug|Any CPU.Build.0 = Debug|Any CPU
		{D0866A5D-7DE5-41FA-86DD-2D20BDB8A086}.Release|Any CPU.ActiveCfg = Release|Any CPU
		{D0866A5D-7DE5-41FA-86DD-2D20BDB8A086}.Release|Any CPU.Build.0 = Release|Any CPU
		{8508A5F8-2752-47B5-B732-17A34DFACE52}.Debug|Any CPU.ActiveCfg = Debug|Any CPU
		{8508A5F8-2752-47B5-B732-17A34DFACE52}.Debug|Any CPU.Build.0 = Debug|Any CPU
		{8508A5F8-2752-47B5-B732-17A34DFACE52}.Release|Any CPU.ActiveCfg = Release|Any CPU
		{8508A5F8-2752-47B5-B732-17A34DFACE52}.Release|Any CPU.Build.0 = Release|Any CPU
		{5BE9C310-2FAF-4AD8-90E8-EE18D5B142A4}.Debug|Any CPU.ActiveCfg = Debug|Any CPU
		{5BE9C310-2FAF-4AD8-90E8-EE18D5B142A4}.Debug|Any CPU.Build.0 = Debug|Any CPU
		{5BE9C310-2FAF-4AD8-90E8-EE18D5B142A4}.Release|Any CPU.ActiveCfg = Release|Any CPU
		{5BE9C310-2FAF-4AD8-90E8-EE18D5B142A4}.Release|Any CPU.Build.0 = Release|Any CPU
		{7E342B92-2741-41F8-A7BE-5904246A5B00}.Debug|Any CPU.ActiveCfg = Debug|Any CPU
		{7E342B92-2741-41F8-A7BE-5904246A5B00}.Debug|Any CPU.Build.0 = Debug|Any CPU
		{7E342B92-2741-41F8-A7BE-5904246A5B00}.Release|Any CPU.ActiveCfg = Release|Any CPU
		{7E342B92-2741-41F8-A7BE-5904246A5B00}.Release|Any CPU.Build.0 = Release|Any CPU
		{59A6ED61-0360-4F33-AAFF-A9D0277CA565}.Debug|Any CPU.ActiveCfg = Debug|Any CPU
		{59A6ED61-0360-4F33-AAFF-A9D0277CA565}.Debug|Any CPU.Build.0 = Debug|Any CPU
		{59A6ED61-0360-4F33-AAFF-A9D0277CA565}.Release|Any CPU.ActiveCfg = Release|Any CPU
		{59A6ED61-0360-4F33-AAFF-A9D0277CA565}.Release|Any CPU.Build.0 = Release|Any CPU
		{5352345F-6A5E-4CD5-9DF7-492EC11A110E}.Debug|Any CPU.ActiveCfg = Debug|Any CPU
		{5352345F-6A5E-4CD5-9DF7-492EC11A110E}.Debug|Any CPU.Build.0 = Debug|Any CPU
		{5352345F-6A5E-4CD5-9DF7-492EC11A110E}.Release|Any CPU.ActiveCfg = Release|Any CPU
		{5352345F-6A5E-4CD5-9DF7-492EC11A110E}.Release|Any CPU.Build.0 = Release|Any CPU
		{88AEEC61-A84E-4B04-84D0-A124DBDC86C9}.Debug|Any CPU.ActiveCfg = Debug|Any CPU
		{88AEEC61-A84E-4B04-84D0-A124DBDC86C9}.Debug|Any CPU.Build.0 = Debug|Any CPU
		{88AEEC61-A84E-4B04-84D0-A124DBDC86C9}.Release|Any CPU.ActiveCfg = Release|Any CPU
		{88AEEC61-A84E-4B04-84D0-A124DBDC86C9}.Release|Any CPU.Build.0 = Release|Any CPU
		{174C1C7F-E049-4326-AFDD-A83BDFEABACB}.Debug|Any CPU.ActiveCfg = Debug|Any CPU
		{174C1C7F-E049-4326-AFDD-A83BDFEABACB}.Debug|Any CPU.Build.0 = Debug|Any CPU
		{174C1C7F-E049-4326-AFDD-A83BDFEABACB}.Release|Any CPU.ActiveCfg = Release|Any CPU
		{174C1C7F-E049-4326-AFDD-A83BDFEABACB}.Release|Any CPU.Build.0 = Release|Any CPU
		{BE6F0CD4-7D8C-4293-A253-969427E8FAED}.Debug|Any CPU.ActiveCfg = Debug|Any CPU
		{BE6F0CD4-7D8C-4293-A253-969427E8FAED}.Debug|Any CPU.Build.0 = Debug|Any CPU
		{BE6F0CD4-7D8C-4293-A253-969427E8FAED}.Release|Any CPU.ActiveCfg = Release|Any CPU
		{BE6F0CD4-7D8C-4293-A253-969427E8FAED}.Release|Any CPU.Build.0 = Release|Any CPU
		{DF7CF285-B9A3-413B-9EAF-1749D816AD0A}.Debug|Any CPU.ActiveCfg = Debug|Any CPU
		{DF7CF285-B9A3-413B-9EAF-1749D816AD0A}.Debug|Any CPU.Build.0 = Debug|Any CPU
		{DF7CF285-B9A3-413B-9EAF-1749D816AD0A}.Release|Any CPU.ActiveCfg = Release|Any CPU
		{DF7CF285-B9A3-413B-9EAF-1749D816AD0A}.Release|Any CPU.Build.0 = Release|Any CPU
		{6D5922F7-DC94-495D-B80B-3916E969DC29}.Debug|Any CPU.ActiveCfg = Debug|Any CPU
		{6D5922F7-DC94-495D-B80B-3916E969DC29}.Debug|Any CPU.Build.0 = Debug|Any CPU
		{6D5922F7-DC94-495D-B80B-3916E969DC29}.Release|Any CPU.ActiveCfg = Release|Any CPU
		{6D5922F7-DC94-495D-B80B-3916E969DC29}.Release|Any CPU.Build.0 = Release|Any CPU
		{23604DE2-3F9C-4618-BAA8-B5C5FE1AF5E5}.Debug|Any CPU.ActiveCfg = Debug|Any CPU
		{23604DE2-3F9C-4618-BAA8-B5C5FE1AF5E5}.Debug|Any CPU.Build.0 = Debug|Any CPU
		{23604DE2-3F9C-4618-BAA8-B5C5FE1AF5E5}.Release|Any CPU.ActiveCfg = Release|Any CPU
		{23604DE2-3F9C-4618-BAA8-B5C5FE1AF5E5}.Release|Any CPU.Build.0 = Release|Any CPU
		{9F2C8912-6068-4D94-8A73-6DB95944F5D1}.Debug|Any CPU.ActiveCfg = Debug|Any CPU
		{9F2C8912-6068-4D94-8A73-6DB95944F5D1}.Debug|Any CPU.Build.0 = Debug|Any CPU
		{9F2C8912-6068-4D94-8A73-6DB95944F5D1}.Release|Any CPU.ActiveCfg = Release|Any CPU
		{9F2C8912-6068-4D94-8A73-6DB95944F5D1}.Release|Any CPU.Build.0 = Release|Any CPU
		{E0D88E4D-611E-4252-8F89-D8CB26FEBCFD}.Debug|Any CPU.ActiveCfg = Debug|Any CPU
		{E0D88E4D-611E-4252-8F89-D8CB26FEBCFD}.Debug|Any CPU.Build.0 = Debug|Any CPU
		{E0D88E4D-611E-4252-8F89-D8CB26FEBCFD}.Release|Any CPU.ActiveCfg = Release|Any CPU
		{E0D88E4D-611E-4252-8F89-D8CB26FEBCFD}.Release|Any CPU.Build.0 = Release|Any CPU
		{AC5584A4-DF88-41B5-86DB-178CF8698150}.Debug|Any CPU.ActiveCfg = Debug|Any CPU
		{AC5584A4-DF88-41B5-86DB-178CF8698150}.Debug|Any CPU.Build.0 = Debug|Any CPU
		{AC5584A4-DF88-41B5-86DB-178CF8698150}.Release|Any CPU.ActiveCfg = Release|Any CPU
		{AC5584A4-DF88-41B5-86DB-178CF8698150}.Release|Any CPU.Build.0 = Release|Any CPU
	EndGlobalSection
	GlobalSection(SolutionProperties) = preSolution
		HideSolutionNode = FALSE
	EndGlobalSection
	GlobalSection(ExtensibilityGlobals) = postSolution
		SolutionGuid = {49D00C17-559D-4EA7-89CF-0EB736D8241B}
	EndGlobalSection
EndGlobal
